
Microsoft Visual Studio Solution File, Format Version 12.00
# Visual Studio 15
VisualStudioVersion = 15.0.27130.2024
MinimumVisualStudioVersion = 10.0.40219.1
Project("{FAE04EC0-301F-11D3-BF4B-00C04F79EFBC}") = "BingWallpaper", "BingWallpaper\BingWallpaper.csproj", "{1705E1D1-512E-414C-AB48-C60A6CB40DC0}"
EndProject
Global
	GlobalSection(SolutionConfigurationPlatforms) = preSolution
		Debug|Any CPU = Debug|Any CPU
		Release|Any CPU = Release|Any CPU
	EndGlobalSection
	GlobalSection(ProjectConfigurationPlatforms) = postSolution
		{1705E1D1-512E-414C-AB48-C60A6CB40DC0}.Debug|Any CPU.ActiveCfg = Debug|Any CPU
		{1705E1D1-512E-414C-AB48-C60A6CB40DC0}.Debug|Any CPU.Build.0 = Debug|Any CPU
		{1705E1D1-512E-414C-AB48-C60A6CB40DC0}.Release|Any CPU.ActiveCfg = Release|Any CPU
		{1705E1D1-512E-414C-AB48-C60A6CB40DC0}.Release|Any CPU.Build.0 = Release|Any CPU
	EndGlobalSection
	GlobalSection(SolutionProperties) = preSolution
		HideSolutionNode = FALSE
	EndGlobalSection
	GlobalSection(ExtensibilityGlobals) = postSolution
		SolutionGuid = {1DB96FC9-4463-469C-880C-6B817836E749}
	EndGlobalSection
EndGlobal
